// !$*UTF8*$!
{
	archiveVersion = 1;
	classes = {
	};
	objectVersion = 56;
	objects = {

/* Begin PBXBuildFile section */
		E7A389F92C0053A3005332F8 /* KeibaApp.swift in Sources */ = {isa = PBXBuildFile; fileRef = E7A389F82C0053A3005332F8 /* KeibaApp.swift */; };
		E7A389FB2C0053A3005332F8 /* HomeView.swift in Sources */ = {isa = PBXBuildFile; fileRef = E7A389FA2C0053A3005332F8 /* HomeView.swift */; };
		E7A389FD2C0053A5005332F8 /* Assets.xcassets in Resources */ = {isa = PBXBuildFile; fileRef = E7A389FC2C0053A5005332F8 /* Assets.xcassets */; };
		E7A38A002C0053A5005332F8 /* Preview Assets.xcassets in Resources */ = {isa = PBXBuildFile; fileRef = E7A389FF2C0053A5005332F8 /* Preview Assets.xcassets */; };
		E7A38A0A2C0053A6005332F8 /* KeibaTests.swift in Sources */ = {isa = PBXBuildFile; fileRef = E7A38A092C0053A6005332F8 /* KeibaTests.swift */; };
		E7A38A142C0053A6005332F8 /* KeibaUITests.swift in Sources */ = {isa = PBXBuildFile; fileRef = E7A38A132C0053A6005332F8 /* KeibaUITests.swift */; };
		E7A38A162C0053A6005332F8 /* KeibaUITestsLaunchTests.swift in Sources */ = {isa = PBXBuildFile; fileRef = E7A38A152C0053A6005332F8 /* KeibaUITestsLaunchTests.swift */; };
		E7A38A242C0054B9005332F8 /* RaceInfoView.swift in Sources */ = {isa = PBXBuildFile; fileRef = E7A38A232C0054B9005332F8 /* RaceInfoView.swift */; };
		E7A38A282C005B62005332F8 /* Web.swift in Sources */ = {isa = PBXBuildFile; fileRef = E7A38A272C005B62005332F8 /* Web.swift */; };
		E7A38A2B2C0062EE005332F8 /* SwiftSoup in Frameworks */ = {isa = PBXBuildFile; productRef = E7A38A2A2C0062EE005332F8 /* SwiftSoup */; };
		E7A38A2E2C006510005332F8 /* ScrapingResultView.swift in Sources */ = {isa = PBXBuildFile; fileRef = E7A38A2D2C006510005332F8 /* ScrapingResultView.swift */; };
/* End PBXBuildFile section */

/* Begin PBXContainerItemProxy section */
		E7A38A062C0053A6005332F8 /* PBXContainerItemProxy */ = {
			isa = PBXContainerItemProxy;
			containerPortal = E7A389ED2C0053A3005332F8 /* Project object */;
			proxyType = 1;
			remoteGlobalIDString = E7A389F42C0053A3005332F8;
			remoteInfo = Keiba;
		};
		E7A38A102C0053A6005332F8 /* PBXContainerItemProxy */ = {
			isa = PBXContainerItemProxy;
			containerPortal = E7A389ED2C0053A3005332F8 /* Project object */;
			proxyType = 1;
			remoteGlobalIDString = E7A389F42C0053A3005332F8;
			remoteInfo = Keiba;
		};
/* End PBXContainerItemProxy section */

/* Begin PBXFileReference section */
		E7A389F52C0053A3005332F8 /* Keiba.app */ = {isa = PBXFileReference; explicitFileType = wrapper.application; includeInIndex = 0; path = Keiba.app; sourceTree = BUILT_PRODUCTS_DIR; };
		E7A389F82C0053A3005332F8 /* KeibaApp.swift */ = {isa = PBXFileReference; lastKnownFileType = sourcecode.swift; path = KeibaApp.swift; sourceTree = "<group>"; };
		E7A389FA2C0053A3005332F8 /* HomeView.swift */ = {isa = PBXFileReference; lastKnownFileType = sourcecode.swift; path = HomeView.swift; sourceTree = "<group>"; };
		E7A389FC2C0053A5005332F8 /* Assets.xcassets */ = {isa = PBXFileReference; lastKnownFileType = folder.assetcatalog; path = Assets.xcassets; sourceTree = "<group>"; };
		E7A389FF2C0053A5005332F8 /* Preview Assets.xcassets */ = {isa = PBXFileReference; lastKnownFileType = folder.assetcatalog; path = "Preview Assets.xcassets"; sourceTree = "<group>"; };
		E7A38A052C0053A6005332F8 /* KeibaTests.xctest */ = {isa = PBXFileReference; explicitFileType = wrapper.cfbundle; includeInIndex = 0; path = KeibaTests.xctest; sourceTree = BUILT_PRODUCTS_DIR; };
		E7A38A092C0053A6005332F8 /* KeibaTests.swift */ = {isa = PBXFileReference; lastKnownFileType = sourcecode.swift; path = KeibaTests.swift; sourceTree = "<group>"; };
		E7A38A0F2C0053A6005332F8 /* KeibaUITests.xctest */ = {isa = PBXFileReference; explicitFileType = wrapper.cfbundle; includeInIndex = 0; path = KeibaUITests.xctest; sourceTree = BUILT_PRODUCTS_DIR; };
		E7A38A132C0053A6005332F8 /* KeibaUITests.swift */ = {isa = PBXFileReference; lastKnownFileType = sourcecode.swift; path = KeibaUITests.swift; sourceTree = "<group>"; };
		E7A38A152C0053A6005332F8 /* KeibaUITestsLaunchTests.swift */ = {isa = PBXFileReference; lastKnownFileType = sourcecode.swift; path = KeibaUITestsLaunchTests.swift; sourceTree = "<group>"; };
		E7A38A232C0054B9005332F8 /* RaceInfoView.swift */ = {isa = PBXFileReference; lastKnownFileType = sourcecode.swift; path = RaceInfoView.swift; sourceTree = "<group>"; };
		E7A38A272C005B62005332F8 /* Web.swift */ = {isa = PBXFileReference; lastKnownFileType = sourcecode.swift; path = Web.swift; sourceTree = "<group>"; };
		E7A38A2D2C006510005332F8 /* ScrapingResultView.swift */ = {isa = PBXFileReference; lastKnownFileType = sourcecode.swift; path = ScrapingResultView.swift; sourceTree = "<group>"; };
/* End PBXFileReference section */

/* Begin PBXFrameworksBuildPhase section */
		E7A389F22C0053A3005332F8 /* Frameworks */ = {
			isa = PBXFrameworksBuildPhase;
			buildActionMask = 2147483647;
			files = (
				E7A38A2B2C0062EE005332F8 /* SwiftSoup in Frameworks */,
			);
			runOnlyForDeploymentPostprocessing = 0;
		};
		E7A38A022C0053A6005332F8 /* Frameworks */ = {
			isa = PBXFrameworksBuildPhase;
			buildActionMask = 2147483647;
			files = (
			);
			runOnlyForDeploymentPostprocessing = 0;
		};
		E7A38A0C2C0053A6005332F8 /* Frameworks */ = {
			isa = PBXFrameworksBuildPhase;
			buildActionMask = 2147483647;
			files = (
			);
			runOnlyForDeploymentPostprocessing = 0;
		};
/* End PBXFrameworksBuildPhase section */

/* Begin PBXGroup section */
		E7A389EC2C0053A3005332F8 = {
			isa = PBXGroup;
			children = (
				E7A389F72C0053A3005332F8 /* Keiba */,
				E7A38A082C0053A6005332F8 /* KeibaTests */,
				E7A38A122C0053A6005332F8 /* KeibaUITests */,
				E7A389F62C0053A3005332F8 /* Products */,
			);
			sourceTree = "<group>";
		};
		E7A389F62C0053A3005332F8 /* Products */ = {
			isa = PBXGroup;
			children = (
				E7A389F52C0053A3005332F8 /* Keiba.app */,
				E7A38A052C0053A6005332F8 /* KeibaTests.xctest */,
				E7A38A0F2C0053A6005332F8 /* KeibaUITests.xctest */,
			);
			name = Products;
			sourceTree = "<group>";
		};
		E7A389F72C0053A3005332F8 /* Keiba */ = {
			isa = PBXGroup;
			children = (
				E7A389F82C0053A3005332F8 /* KeibaApp.swift */,
				E7A389FA2C0053A3005332F8 /* HomeView.swift */,
				E7A38A222C0053DC005332F8 /* RaceView */,
				E7A389FC2C0053A5005332F8 /* Assets.xcassets */,
				E7A389FE2C0053A5005332F8 /* Preview Content */,
			);
			path = Keiba;
			sourceTree = "<group>";
		};
		E7A389FE2C0053A5005332F8 /* Preview Content */ = {
			isa = PBXGroup;
			children = (
				E7A389FF2C0053A5005332F8 /* Preview Assets.xcassets */,
			);
			path = "Preview Content";
			sourceTree = "<group>";
		};
		E7A38A082C0053A6005332F8 /* KeibaTests */ = {
			isa = PBXGroup;
			children = (
				E7A38A092C0053A6005332F8 /* KeibaTests.swift */,
			);
			path = KeibaTests;
			sourceTree = "<group>";
		};
		E7A38A122C0053A6005332F8 /* KeibaUITests */ = {
			isa = PBXGroup;
			children = (
				E7A38A132C0053A6005332F8 /* KeibaUITests.swift */,
				E7A38A152C0053A6005332F8 /* KeibaUITestsLaunchTests.swift */,
			);
			path = KeibaUITests;
			sourceTree = "<group>";
		};
		E7A38A222C0053DC005332F8 /* RaceView */ = {
			isa = PBXGroup;
			children = (
				E7A38A232C0054B9005332F8 /* RaceInfoView.swift */,
				E7A38A272C005B62005332F8 /* Web.swift */,
				E7A38A2C2C0064CA005332F8 /* Analysis */,
			);
			path = RaceView;
			sourceTree = "<group>";
		};
		E7A38A2C2C0064CA005332F8 /* Analysis */ = {
			isa = PBXGroup;
			children = (
				E7A38A2D2C006510005332F8 /* ScrapingResultView.swift */,
			);
			path = Analysis;
			sourceTree = "<group>";
		};
/* End PBXGroup section */

/* Begin PBXNativeTarget section */
		E7A389F42C0053A3005332F8 /* Keiba */ = {
			isa = PBXNativeTarget;
			buildConfigurationList = E7A38A192C0053A6005332F8 /* Build configuration list for PBXNativeTarget "Keiba" */;
			buildPhases = (
				E7A389F12C0053A3005332F8 /* Sources */,
				E7A389F22C0053A3005332F8 /* Frameworks */,
				E7A389F32C0053A3005332F8 /* Resources */,
			);
			buildRules = (
			);
			dependencies = (
			);
			name = Keiba;
			packageProductDependencies = (
				E7A38A2A2C0062EE005332F8 /* SwiftSoup */,
			);
			productName = Keiba;
			productReference = E7A389F52C0053A3005332F8 /* Keiba.app */;
			productType = "com.apple.product-type.application";
		};
		E7A38A042C0053A6005332F8 /* KeibaTests */ = {
			isa = PBXNativeTarget;
			buildConfigurationList = E7A38A1C2C0053A6005332F8 /* Build configuration list for PBXNativeTarget "KeibaTests" */;
			buildPhases = (
				E7A38A012C0053A6005332F8 /* Sources */,
				E7A38A022C0053A6005332F8 /* Frameworks */,
				E7A38A032C0053A6005332F8 /* Resources */,
			);
			buildRules = (
			);
			dependencies = (
				E7A38A072C0053A6005332F8 /* PBXTargetDependency */,
			);
			name = KeibaTests;
			productName = KeibaTests;
			productReference = E7A38A052C0053A6005332F8 /* KeibaTests.xctest */;
			productType = "com.apple.product-type.bundle.unit-test";
		};
		E7A38A0E2C0053A6005332F8 /* KeibaUITests */ = {
			isa = PBXNativeTarget;
			buildConfigurationList = E7A38A1F2C0053A6005332F8 /* Build configuration list for PBXNativeTarget "KeibaUITests" */;
			buildPhases = (
				E7A38A0B2C0053A6005332F8 /* Sources */,
				E7A38A0C2C0053A6005332F8 /* Frameworks */,
				E7A38A0D2C0053A6005332F8 /* Resources */,
			);
			buildRules = (
			);
			dependencies = (
				E7A38A112C0053A6005332F8 /* PBXTargetDependency */,
			);
			name = KeibaUITests;
			productName = KeibaUITests;
			productReference = E7A38A0F2C0053A6005332F8 /* KeibaUITests.xctest */;
			productType = "com.apple.product-type.bundle.ui-testing";
		};
/* End PBXNativeTarget section */

/* Begin PBXProject section */
		E7A389ED2C0053A3005332F8 /* Project object */ = {
			isa = PBXProject;
			attributes = {
				BuildIndependentTargetsInParallel = 1;
				LastSwiftUpdateCheck = 1540;
				LastUpgradeCheck = 1540;
				TargetAttributes = {
					E7A389F42C0053A3005332F8 = {
						CreatedOnToolsVersion = 15.4;
					};
					E7A38A042C0053A6005332F8 = {
						CreatedOnToolsVersion = 15.4;
						TestTargetID = E7A389F42C0053A3005332F8;
					};
					E7A38A0E2C0053A6005332F8 = {
						CreatedOnToolsVersion = 15.4;
						TestTargetID = E7A389F42C0053A3005332F8;
					};
				};
			};
			buildConfigurationList = E7A389F02C0053A3005332F8 /* Build configuration list for PBXProject "Keiba" */;
			compatibilityVersion = "Xcode 14.0";
			developmentRegion = en;
			hasScannedForEncodings = 0;
			knownRegions = (
				en,
				Base,
			);
			mainGroup = E7A389EC2C0053A3005332F8;
			packageReferences = (
				E7A38A292C0062EE005332F8 /* XCRemoteSwiftPackageReference "SwiftSoup" */,
			);
			productRefGroup = E7A389F62C0053A3005332F8 /* Products */;
			projectDirPath = "";
			projectRoot = "";
			targets = (
				E7A389F42C0053A3005332F8 /* Keiba */,
				E7A38A042C0053A6005332F8 /* KeibaTests */,
				E7A38A0E2C0053A6005332F8 /* KeibaUITests */,
			);
		};
/* End PBXProject section */

/* Begin PBXResourcesBuildPhase section */
		E7A389F32C0053A3005332F8 /* Resources */ = {
			isa = PBXResourcesBuildPhase;
			buildActionMask = 2147483647;
			files = (
				E7A38A002C0053A5005332F8 /* Preview Assets.xcassets in Resources */,
				E7A389FD2C0053A5005332F8 /* Assets.xcassets in Resources */,
			);
			runOnlyForDeploymentPostprocessing = 0;
		};
		E7A38A032C0053A6005332F8 /* Resources */ = {
			isa = PBXResourcesBuildPhase;
			buildActionMask = 2147483647;
			files = (
			);
			runOnlyForDeploymentPostprocessing = 0;
		};
		E7A38A0D2C0053A6005332F8 /* Resources */ = {
			isa = PBXResourcesBuildPhase;
			buildActionMask = 2147483647;
			files = (
			);
			runOnlyForDeploymentPostprocessing = 0;
		};
/* End PBXResourcesBuildPhase section */

/* Begin PBXSourcesBuildPhase section */
		E7A389F12C0053A3005332F8 /* Sources */ = {
			isa = PBXSourcesBuildPhase;
			buildActionMask = 2147483647;
			files = (
				E7A38A2E2C006510005332F8 /* ScrapingResultView.swift in Sources */,
				E7A389FB2C0053A3005332F8 /* HomeView.swift in Sources */,
				E7A389F92C0053A3005332F8 /* KeibaApp.swift in Sources */,
				E7A38A282C005B62005332F8 /* Web.swift in Sources */,
				E7A38A242C0054B9005332F8 /* RaceInfoView.swift in Sources */,
			);
			runOnlyForDeploymentPostprocessing = 0;
		};
		E7A38A012C0053A6005332F8 /* Sources */ = {
			isa = PBXSourcesBuildPhase;
			buildActionMask = 2147483647;
			files = (
				E7A38A0A2C0053A6005332F8 /* KeibaTests.swift in Sources */,
			);
			runOnlyForDeploymentPostprocessing = 0;
		};
		E7A38A0B2C0053A6005332F8 /* Sources */ = {
			isa = PBXSourcesBuildPhase;
			buildActionMask = 2147483647;
			files = (
				E7A38A142C0053A6005332F8 /* KeibaUITests.swift in Sources */,
				E7A38A162C0053A6005332F8 /* KeibaUITestsLaunchTests.swift in Sources */,
			);
			runOnlyForDeploymentPostprocessing = 0;
		};
/* End PBXSourcesBuildPhase section */

/* Begin PBXTargetDependency section */
		E7A38A072C0053A6005332F8 /* PBXTargetDependency */ = {
			isa = PBXTargetDependency;
			target = E7A389F42C0053A3005332F8 /* Keiba */;
			targetProxy = E7A38A062C0053A6005332F8 /* PBXContainerItemProxy */;
		};
		E7A38A112C0053A6005332F8 /* PBXTargetDependency */ = {
			isa = PBXTargetDependency;
			target = E7A389F42C0053A3005332F8 /* Keiba */;
			targetProxy = E7A38A102C0053A6005332F8 /* PBXContainerItemProxy */;
		};
/* End PBXTargetDependency section */

/* Begin XCBuildConfiguration section */
		E7A38A172C0053A6005332F8 /* Debug */ = {
			isa = XCBuildConfiguration;
			buildSettings = {
				ALWAYS_SEARCH_USER_PATHS = NO;
				ASSETCATALOG_COMPILER_GENERATE_SWIFT_ASSET_SYMBOL_EXTENSIONS = YES;
				CLANG_ANALYZER_NONNULL = YES;
				CLANG_ANALYZER_NUMBER_OBJECT_CONVERSION = YES_AGGRESSIVE;
				CLANG_CXX_LANGUAGE_STANDARD = "gnu++20";
				CLANG_ENABLE_MODULES = YES;
				CLANG_ENABLE_OBJC_ARC = YES;
				CLANG_ENABLE_OBJC_WEAK = YES;
				CLANG_WARN_BLOCK_CAPTURE_AUTORELEASING = YES;
				CLANG_WARN_BOOL_CONVERSION = YES;
				CLANG_WARN_COMMA = YES;
				CLANG_WARN_CONSTANT_CONVERSION = YES;
				CLANG_WARN_DEPRECATED_OBJC_IMPLEMENTATIONS = YES;
				CLANG_WARN_DIRECT_OBJC_ISA_USAGE = YES_ERROR;
				CLANG_WARN_DOCUMENTATION_COMMENTS = YES;
				CLANG_WARN_EMPTY_BODY = YES;
				CLANG_WARN_ENUM_CONVERSION = YES;
				CLANG_WARN_INFINITE_RECURSION = YES;
				CLANG_WARN_INT_CONVERSION = YES;
				CLANG_WARN_NON_LITERAL_NULL_CONVERSION = YES;
				CLANG_WARN_OBJC_IMPLICIT_RETAIN_SELF = YES;
				CLANG_WARN_OBJC_LITERAL_CONVERSION = YES;
				CLANG_WARN_OBJC_ROOT_CLASS = YES_ERROR;
				CLANG_WARN_QUOTED_INCLUDE_IN_FRAMEWORK_HEADER = YES;
				CLANG_WARN_RANGE_LOOP_ANALYSIS = YES;
				CLANG_WARN_STRICT_PROTOTYPES = YES;
				CLANG_WARN_SUSPICIOUS_MOVE = YES;
				CLANG_WARN_UNGUARDED_AVAILABILITY = YES_AGGRESSIVE;
				CLANG_WARN_UNREACHABLE_CODE = YES;
				CLANG_WARN__DUPLICATE_METHOD_MATCH = YES;
				COPY_PHASE_STRIP = NO;
				DEBUG_INFORMATION_FORMAT = dwarf;
				ENABLE_STRICT_OBJC_MSGSEND = YES;
				ENABLE_TESTABILITY = YES;
				ENABLE_USER_SCRIPT_SANDBOXING = YES;
				GCC_C_LANGUAGE_STANDARD = gnu17;
				GCC_DYNAMIC_NO_PIC = NO;
				GCC_NO_COMMON_BLOCKS = YES;
				GCC_OPTIMIZATION_LEVEL = 0;
				GCC_PREPROCESSOR_DEFINITIONS = (
					"DEBUG=1",
					"$(inherited)",
				);
				GCC_WARN_64_TO_32_BIT_CONVERSION = YES;
				GCC_WARN_ABOUT_RETURN_TYPE = YES_ERROR;
				GCC_WARN_UNDECLARED_SELECTOR = YES;
				GCC_WARN_UNINITIALIZED_AUTOS = YES_AGGRESSIVE;
				GCC_WARN_UNUSED_FUNCTION = YES;
				GCC_WARN_UNUSED_VARIABLE = YES;
				IPHONEOS_DEPLOYMENT_TARGET = 17.5;
				LOCALIZATION_PREFERS_STRING_CATALOGS = YES;
				MTL_ENABLE_DEBUG_INFO = INCLUDE_SOURCE;
				MTL_FAST_MATH = YES;
				ONLY_ACTIVE_ARCH = YES;
				SDKROOT = iphoneos;
				SWIFT_ACTIVE_COMPILATION_CONDITIONS = "DEBUG $(inherited)";
				SWIFT_OPTIMIZATION_LEVEL = "-Onone";
			};
			name = Debug;
		};
		E7A38A182C0053A6005332F8 /* Release */ = {
			isa = XCBuildConfiguration;
			buildSettings = {
				ALWAYS_SEARCH_USER_PATHS = NO;
				ASSETCATALOG_COMPILER_GENERATE_SWIFT_ASSET_SYMBOL_EXTENSIONS = YES;
				CLANG_ANALYZER_NONNULL = YES;
				CLANG_ANALYZER_NUMBER_OBJECT_CONVERSION = YES_AGGRESSIVE;
				CLANG_CXX_LANGUAGE_STANDARD = "gnu++20";
				CLANG_ENABLE_MODULES = YES;
				CLANG_ENABLE_OBJC_ARC = YES;
				CLANG_ENABLE_OBJC_WEAK = YES;
				CLANG_WARN_BLOCK_CAPTURE_AUTORELEASING = YES;
				CLANG_WARN_BOOL_CONVERSION = YES;
				CLANG_WARN_COMMA = YES;
				CLANG_WARN_CONSTANT_CONVERSION = YES;
				CLANG_WARN_DEPRECATED_OBJC_IMPLEMENTATIONS = YES;
				CLANG_WARN_DIRECT_OBJC_ISA_USAGE = YES_ERROR;
				CLANG_WARN_DOCUMENTATION_COMMENTS = YES;
				CLANG_WARN_EMPTY_BODY = YES;
				CLANG_WARN_ENUM_CONVERSION = YES;
				CLANG_WARN_INFINITE_RECURSION = YES;
				CLANG_WARN_INT_CONVERSION = YES;
				CLANG_WARN_NON_LITERAL_NULL_CONVERSION = YES;
				CLANG_WARN_OBJC_IMPLICIT_RETAIN_SELF = YES;
				CLANG_WARN_OBJC_LITERAL_CONVERSION = YES;
				CLANG_WARN_OBJC_ROOT_CLASS = YES_ERROR;
				CLANG_WARN_QUOTED_INCLUDE_IN_FRAMEWORK_HEADER = YES;
				CLANG_WARN_RANGE_LOOP_ANALYSIS = YES;
				CLANG_WARN_STRICT_PROTOTYPES = YES;
				CLANG_WARN_SUSPICIOUS_MOVE = YES;
				CLANG_WARN_UNGUARDED_AVAILABILITY = YES_AGGRESSIVE;
				CLANG_WARN_UNREACHABLE_CODE = YES;
				CLANG_WARN__DUPLICATE_METHOD_MATCH = YES;
				COPY_PHASE_STRIP = NO;
				DEBUG_INFORMATION_FORMAT = "dwarf-with-dsym";
				ENABLE_NS_ASSERTIONS = NO;
				ENABLE_STRICT_OBJC_MSGSEND = YES;
				ENABLE_USER_SCRIPT_SANDBOXING = YES;
				GCC_C_LANGUAGE_STANDARD = gnu17;
				GCC_NO_COMMON_BLOCKS = YES;
				GCC_WARN_64_TO_32_BIT_CONVERSION = YES;
				GCC_WARN_ABOUT_RETURN_TYPE = YES_ERROR;
				GCC_WARN_UNDECLARED_SELECTOR = YES;
				GCC_WARN_UNINITIALIZED_AUTOS = YES_AGGRESSIVE;
				GCC_WARN_UNUSED_FUNCTION = YES;
				GCC_WARN_UNUSED_VARIABLE = YES;
				IPHONEOS_DEPLOYMENT_TARGET = 17.5;
				LOCALIZATION_PREFERS_STRING_CATALOGS = YES;
				MTL_ENABLE_DEBUG_INFO = NO;
				MTL_FAST_MATH = YES;
				SDKROOT = iphoneos;
				SWIFT_COMPILATION_MODE = wholemodule;
				VALIDATE_PRODUCT = YES;
			};
			name = Release;
		};
		E7A38A1A2C0053A6005332F8 /* Debug */ = {
			isa = XCBuildConfiguration;
			buildSettings = {
				ASSETCATALOG_COMPILER_APPICON_NAME = AppIcon;
				ASSETCATALOG_COMPILER_GLOBAL_ACCENT_COLOR_NAME = AccentColor;
				CODE_SIGN_STYLE = Automatic;
				CURRENT_PROJECT_VERSION = 1;
				DEVELOPMENT_ASSET_PATHS = "\"Keiba/Preview Content\"";
				DEVELOPMENT_TEAM = 73Z8QXUU7A;
				ENABLE_PREVIEWS = YES;
				GENERATE_INFOPLIST_FILE = YES;
				INFOPLIST_KEY_UIApplicationSceneManifest_Generation = YES;
				INFOPLIST_KEY_UIApplicationSupportsIndirectInputEvents = YES;
				INFOPLIST_KEY_UILaunchScreen_Generation = YES;
				INFOPLIST_KEY_UISupportedInterfaceOrientations_iPad = "UIInterfaceOrientationPortrait UIInterfaceOrientationPortraitUpsideDown UIInterfaceOrientationLandscapeLeft UIInterfaceOrientationLandscapeRight";
				INFOPLIST_KEY_UISupportedInterfaceOrientations_iPhone = "UIInterfaceOrientationPortrait UIInterfaceOrientationLandscapeLeft UIInterfaceOrientationLandscapeRight";
				LD_RUNPATH_SEARCH_PATHS = (
					"$(inherited)",
					"@executable_path/Frameworks",
				);
				MARKETING_VERSION = 1.0;
				PRODUCT_BUNDLE_IDENTIFIER = com.rong.Keiba;
				PRODUCT_NAME = "$(TARGET_NAME)";
				SWIFT_EMIT_LOC_STRINGS = YES;
				SWIFT_VERSION = 5.0;
				TARGETED_DEVICE_FAMILY = "1,2";
			};
			name = Debug;
		};
		E7A38A1B2C0053A6005332F8 /* Release */ = {
			isa = XCBuildConfiguration;
			buildSettings = {
				ASSETCATALOG_COMPILER_APPICON_NAME = AppIcon;
				ASSETCATALOG_COMPILER_GLOBAL_ACCENT_COLOR_NAME = AccentColor;
				CODE_SIGN_STYLE = Automatic;
				CURRENT_PROJECT_VERSION = 1;
				DEVELOPMENT_ASSET_PATHS = "\"Keiba/Preview Content\"";
				DEVELOPMENT_TEAM = 73Z8QXUU7A;
				ENABLE_PREVIEWS = YES;
				GENERATE_INFOPLIST_FILE = YES;
				INFOPLIST_KEY_UIApplicationSceneManifest_Generation = YES;
				INFOPLIST_KEY_UIApplicationSupportsIndirectInputEvents = YES;
				INFOPLIST_KEY_UILaunchScreen_Generation = YES;
				INFOPLIST_KEY_UISupportedInterfaceOrientations_iPad = "UIInterfaceOrientationPortrait UIInterfaceOrientationPortraitUpsideDown UIInterfaceOrientationLandscapeLeft UIInterfaceOrientationLandscapeRight";
				INFOPLIST_KEY_UISupportedInterfaceOrientations_iPhone = "UIInterfaceOrientationPortrait UIInterfaceOrientationLandscapeLeft UIInterfaceOrientationLandscapeRight";
				LD_RUNPATH_SEARCH_PATHS = (
					"$(inherited)",
					"@executable_path/Frameworks",
				);
				MARKETING_VERSION = 1.0;
				PRODUCT_BUNDLE_IDENTIFIER = com.rong.Keiba;
				PRODUCT_NAME = "$(TARGET_NAME)";
				SWIFT_EMIT_LOC_STRINGS = YES;
				SWIFT_VERSION = 5.0;
				TARGETED_DEVICE_FAMILY = "1,2";
			};
			name = Release;
		};
		E7A38A1D2C0053A6005332F8 /* Debug */ = {
			isa = XCBuildConfiguration;
			buildSettings = {
				ALWAYS_EMBED_SWIFT_STANDARD_LIBRARIES = YES;
				BUNDLE_LOADER = "$(TEST_HOST)";
				CODE_SIGN_STYLE = Automatic;
				CURRENT_PROJECT_VERSION = 1;
				DEVELOPMENT_TEAM = 73Z8QXUU7A;
				GENERATE_INFOPLIST_FILE = YES;
				IPHONEOS_DEPLOYMENT_TARGET = 17.5;
				MARKETING_VERSION = 1.0;
				PRODUCT_BUNDLE_IDENTIFIER = com.rong.KeibaTests;
				PRODUCT_NAME = "$(TARGET_NAME)";
				SWIFT_EMIT_LOC_STRINGS = NO;
				SWIFT_VERSION = 5.0;
				TARGETED_DEVICE_FAMILY = "1,2";
				TEST_HOST = "$(BUILT_PRODUCTS_DIR)/Keiba.app/$(BUNDLE_EXECUTABLE_FOLDER_PATH)/Keiba";
			};
			name = Debug;
		};
		E7A38A1E2C0053A6005332F8 /* Release */ = {
			isa = XCBuildConfiguration;
			buildSettings = {
				ALWAYS_EMBED_SWIFT_STANDARD_LIBRARIES = YES;
				BUNDLE_LOADER = "$(TEST_HOST)";
				CODE_SIGN_STYLE = Automatic;
				CURRENT_PROJECT_VERSION = 1;
				DEVELOPMENT_TEAM = 73Z8QXUU7A;
				GENERATE_INFOPLIST_FILE = YES;
				IPHONEOS_DEPLOYMENT_TARGET = 17.5;
				MARKETING_VERSION = 1.0;
				PRODUCT_BUNDLE_IDENTIFIER = com.rong.KeibaTests;
				PRODUCT_NAME = "$(TARGET_NAME)";
				SWIFT_EMIT_LOC_STRINGS = NO;
				SWIFT_VERSION = 5.0;
				TARGETED_DEVICE_FAMILY = "1,2";
				TEST_HOST = "$(BUILT_PRODUCTS_DIR)/Keiba.app/$(BUNDLE_EXECUTABLE_FOLDER_PATH)/Keiba";
			};
			name = Release;
		};
		E7A38A202C0053A6005332F8 /* Debug */ = {
			isa = XCBuildConfiguration;
			buildSettings = {
				ALWAYS_EMBED_SWIFT_STANDARD_LIBRARIES = YES;
				CODE_SIGN_STYLE = Automatic;
				CURRENT_PROJECT_VERSION = 1;
				DEVELOPMENT_TEAM = 73Z8QXUU7A;
				GENERATE_INFOPLIST_FILE = YES;
				MARKETING_VERSION = 1.0;
				PRODUCT_BUNDLE_IDENTIFIER = com.rong.KeibaUITests;
				PRODUCT_NAME = "$(TARGET_NAME)";
				SWIFT_EMIT_LOC_STRINGS = NO;
				SWIFT_VERSION = 5.0;
				TARGETED_DEVICE_FAMILY = "1,2";
				TEST_TARGET_NAME = Keiba;
			};
			name = Debug;
		};
		E7A38A212C0053A6005332F8 /* Release */ = {
			isa = XCBuildConfiguration;
			buildSettings = {
				ALWAYS_EMBED_SWIFT_STANDARD_LIBRARIES = YES;
				CODE_SIGN_STYLE = Automatic;
				CURRENT_PROJECT_VERSION = 1;
				DEVELOPMENT_TEAM = 73Z8QXUU7A;
				GENERATE_INFOPLIST_FILE = YES;
				MARKETING_VERSION = 1.0;
				PRODUCT_BUNDLE_IDENTIFIER = com.rong.KeibaUITests;
				PRODUCT_NAME = "$(TARGET_NAME)";
				SWIFT_EMIT_LOC_STRINGS = NO;
				SWIFT_VERSION = 5.0;
				TARGETED_DEVICE_FAMILY = "1,2";
				TEST_TARGET_NAME = Keiba;
			};
			name = Release;
		};
/* End XCBuildConfiguration section */

/* Begin XCConfigurationList section */
		E7A389F02C0053A3005332F8 /* Build configuration list for PBXProject "Keiba" */ = {
			isa = XCConfigurationList;
			buildConfigurations = (
				E7A38A172C0053A6005332F8 /* Debug */,
				E7A38A182C0053A6005332F8 /* Release */,
			);
			defaultConfigurationIsVisible = 0;
			defaultConfigurationName = Release;
		};
		E7A38A192C0053A6005332F8 /* Build configuration list for PBXNativeTarget "Keiba" */ = {
			isa = XCConfigurationList;
			buildConfigurations = (
				E7A38A1A2C0053A6005332F8 /* Debug */,
				E7A38A1B2C0053A6005332F8 /* Release */,
			);
			defaultConfigurationIsVisible = 0;
			defaultConfigurationName = Release;
		};
		E7A38A1C2C0053A6005332F8 /* Build configuration list for PBXNativeTarget "KeibaTests" */ = {
			isa = XCConfigurationList;
			buildConfigurations = (
				E7A38A1D2C0053A6005332F8 /* Debug */,
				E7A38A1E2C0053A6005332F8 /* Release */,
			);
			defaultConfigurationIsVisible = 0;
			defaultConfigurationName = Release;
		};
		E7A38A1F2C0053A6005332F8 /* Build configuration list for PBXNativeTarget "KeibaUITests" */ = {
			isa = XCConfigurationList;
			buildConfigurations = (
				E7A38A202C0053A6005332F8 /* Debug */,
				E7A38A212C0053A6005332F8 /* Release */,
			);
			defaultConfigurationIsVisible = 0;
			defaultConfigurationName = Release;
		};
/* End XCConfigurationList section */

/* Begin XCRemoteSwiftPackageReference section */
		E7A38A292C0062EE005332F8 /* XCRemoteSwiftPackageReference "SwiftSoup" */ = {
			isa = XCRemoteSwiftPackageReference;
			repositoryURL = "https://github.com/scinfu/SwiftSoup.git";
			requirement = {
				kind = upToNextMajorVersion;
				minimumVersion = 2.7.2;
			};
		};
/* End XCRemoteSwiftPackageReference section */

/* Begin XCSwiftPackageProductDependency section */
		E7A38A2A2C0062EE005332F8 /* SwiftSoup */ = {
			isa = XCSwiftPackageProductDependency;
			package = E7A38A292C0062EE005332F8 /* XCRemoteSwiftPackageReference "SwiftSoup" */;
			productName = SwiftSoup;
		};
/* End XCSwiftPackageProductDependency section */
	};
	rootObject = E7A389ED2C0053A3005332F8 /* Project object */;
}
